<Solution>
  <Configurations>
    <Platform Name="Any CPU" />
    <Platform Name="x64" />
    <Platform Name="x86" />
  </Configurations>
  <Project Path="Deskband11Lib.Sample/Deskband11Lib.Sample.csproj">
    <Platform Solution="*|Any CPU" Project="x86" />
    <Platform Solution="*|x64" Project="x64" />
    <Platform Solution="*|x86" Project="x86" />
  </Project>
  <Project Path="Deskband11Lib/Deskband11Lib.csproj" />
</Solution>
